
Microsoft Visual Studio Solution File, Format Version 12.00
# Visual Studio Version 16
VisualStudioVersion = 16.0.28803.202
MinimumVisualStudioVersion = 10.0.40219.1
Project("{FAE04EC0-301F-11D3-BF4B-00C04F79EFBC}") = "MiGitMvc1", "MiGitMvc1\MiGitMvc1.csproj", "{CFAB4093-55E3-46F7-9F06-DB57C5956FF3}"
EndProject
Global
	GlobalSection(SolutionConfigurationPlatforms) = preSolution
		Debug|Any CPU = Debug|Any CPU
		Release|Any CPU = Release|Any CPU
	EndGlobalSection
	GlobalSection(ProjectConfigurationPlatforms) = postSolution
		{CFAB4093-55E3-46F7-9F06-DB57C5956FF3}.Debug|Any CPU.ActiveCfg = Debug|Any CPU
		{CFAB4093-55E3-46F7-9F06-DB57C5956FF3}.Debug|Any CPU.Build.0 = Debug|Any CPU
		{CFAB4093-55E3-46F7-9F06-DB57C5956FF3}.Release|Any CPU.ActiveCfg = Release|Any CPU
		{CFAB4093-55E3-46F7-9F06-DB57C5956FF3}.Release|Any CPU.Build.0 = Release|Any CPU
	EndGlobalSection
	GlobalSection(SolutionProperties) = preSolution
		HideSolutionNode = FALSE
	EndGlobalSection
	GlobalSection(ExtensibilityGlobals) = postSolution
		SolutionGuid = {89D21E5D-1A53-45AD-B160-A5550AF87489}
	EndGlobalSection
EndGlobal
